
Microsoft Visual Studio Solution File, Format Version 12.00
# Visual Studio 15
VisualStudioVersion = 15.0.27428.2037
MinimumVisualStudioVersion = 10.0.40219.1
Project("{FAE04EC0-301F-11D3-BF4B-00C04F79EFBC}") = "Lab29", "Lab29\Lab29.csproj", "{4CF68A48-117D-4E95-AC36-524DFC119F10}"
EndProject
Global
	GlobalSection(SolutionConfigurationPlatforms) = preSolution
		Debug|Any CPU = Debug|Any CPU
		Release|Any CPU = Release|Any CPU
	EndGlobalSection
	GlobalSection(ProjectConfigurationPlatforms) = postSolution
		{4CF68A48-117D-4E95-AC36-524DFC119F10}.Debug|Any CPU.ActiveCfg = Debug|Any CPU
		{4CF68A48-117D-4E95-AC36-524DFC119F10}.Debug|Any CPU.Build.0 = Debug|Any CPU
		{4CF68A48-117D-4E95-AC36-524DFC119F10}.Release|Any CPU.ActiveCfg = Release|Any CPU
		{4CF68A48-117D-4E95-AC36-524DFC119F10}.Release|Any CPU.Build.0 = Release|Any CPU
	EndGlobalSection
	GlobalSection(SolutionProperties) = preSolution
		HideSolutionNode = FALSE
	EndGlobalSection
	GlobalSection(ExtensibilityGlobals) = postSolution
		SolutionGuid = {7DFE9DE2-AD62-49A9-9206-EE2007D4ECB0}
	EndGlobalSection
EndGlobal
